<?xml version="1.0" encoding="utf-8"?>
<Project ToolsVersion="4.0" xmlns="http://schemas.microsoft.com/developer/msbuild/2003">
  <ItemGroup>
    <Filter Include="Source Files">
      <UniqueIdentifier>{A0B02734-AB83-4C16-A5A1-8E1F2C9C7E9A}</UniqueIdentifier>
    </Filter>
    <Filter Include="Header Files">
      <UniqueIdentifier>{2A6A1AF4-4F03-4D63-9F29-6A86A8D2A8C2}</UniqueIdentifier>
    </Filter>
    <Filter Include="ImGui">
      <UniqueIdentifier>{C6C2C4B8-3C14-4A63-B05B-18F3E4DBF5A3}</UniqueIdentifier>
    </Filter>
    <Filter Include="ImGui\\Backends">
      <UniqueIdentifier>{0BA93E7A-86E3-44D4-9B39-9A5E2F4B6B37}</UniqueIdentifier>
    </Filter>
  </ItemGroup>

  <ItemGroup>
    <ClInclude Include="src\DMA_Engine.h">
      <Filter>Header Files</Filter>
    </ClInclude>
    <ClInclude Include="src\ZeroUI.h">
      <Filter>Header Files</Filter>
    </ClInclude>
    <ClInclude Include="include\imgui\imconfig.h">
      <Filter>ImGui</Filter>
    </ClInclude>
    <ClInclude Include="include\imgui\imgui.h">
      <Filter>ImGui</Filter>
    </ClInclude>
    <ClInclude Include="include\imgui\imgui_internal.h">
      <Filter>ImGui</Filter>
    </ClInclude>
    <ClInclude Include="include\imgui\imstb_rectpack.h">
      <Filter>ImGui</Filter>
    </ClInclude>
    <ClInclude Include="include\imgui\imstb_textedit.h">
      <Filter>ImGui</Filter>
    </ClInclude>
    <ClInclude Include="include\imgui\imstb_truetype.h">
      <Filter>ImGui</Filter>
    </ClInclude>
    <ClInclude Include="include\imgui\backends\imgui_impl_dx11.h">
      <Filter>ImGui\Backends</Filter>
    </ClInclude>
    <ClInclude Include="include\imgui\backends\imgui_impl_win32.h">
      <Filter>ImGui\Backends</Filter>
    </ClInclude>
  </ItemGroup>

  <ItemGroup>
    <ClCompile Include="src\ZeroMain.cpp">
      <Filter>Source Files</Filter>
    </ClCompile>
    <ClCompile Include="src\ZeroUI.cpp">
      <Filter>Source Files</Filter>
    </ClCompile>
    <ClCompile Include="src\DMA_Engine.cpp">
      <Filter>Source Files</Filter>
    </ClCompile>
    <ClCompile Include="src\imgui\imgui.cpp">
      <Filter>ImGui</Filter>
    </ClCompile>
    <ClCompile Include="src\imgui\imgui_draw.cpp">
      <Filter>ImGui</Filter>
    </ClCompile>
    <ClCompile Include="src\imgui\imgui_tables.cpp">
      <Filter>ImGui</Filter>
    </ClCompile>
    <ClCompile Include="src\imgui\imgui_widgets.cpp">
      <Filter>ImGui</Filter>
    </ClCompile>
    <ClCompile Include="src\imgui\imgui_demo.cpp">
      <Filter>ImGui</Filter>
    </ClCompile>
    <ClCompile Include="src\imgui\backends\imgui_impl_dx11.cpp">
      <Filter>ImGui\Backends</Filter>
    </ClCompile>
    <ClCompile Include="src\imgui\backends\imgui_impl_win32.cpp">
      <Filter>ImGui\Backends</Filter>
    </ClCompile>
  </ItemGroup>
</Project>
